
Microsoft Visual Studio Solution File, Format Version 12.00
# Visual Studio Version 16
VisualStudioVersion = 16.0.33130.400
MinimumVisualStudioVersion = 10.0.40219.1
Project("{FAE04EC0-301F-11D3-BF4B-00C04F79EFBC}") = "EpicGamesLauncher", "EpicGamesLauncher\EpicGamesLauncher.csproj", "{AB92884B-50E4-4D8C-B2F8-CA1BC04255FD}"
EndProject
Global
	GlobalSection(SolutionConfigurationPlatforms) = preSolution
		Debug|Any CPU = Debug|Any CPU
		Release|Any CPU = Release|Any CPU
	EndGlobalSection
	GlobalSection(ProjectConfigurationPlatforms) = postSolution
		{AB92884B-50E4-4D8C-B2F8-CA1BC04255FD}.Debug|Any CPU.ActiveCfg = Debug|Any CPU
		{AB92884B-50E4-4D8C-B2F8-CA1BC04255FD}.Debug|Any CPU.Build.0 = Debug|Any CPU
		{AB92884B-50E4-4D8C-B2F8-CA1BC04255FD}.Release|Any CPU.ActiveCfg = Release|Any CPU
		{AB92884B-50E4-4D8C-B2F8-CA1BC04255FD}.Release|Any CPU.Build.0 = Release|Any CPU
	EndGlobalSection
	GlobalSection(SolutionProperties) = preSolution
		HideSolutionNode = FALSE
	EndGlobalSection
	GlobalSection(ExtensibilityGlobals) = postSolution
		SolutionGuid = {7C55AEA6-C50F-4B43-A830-11C054F8BEC7}
	EndGlobalSection
EndGlobal
